# @generated - this file is auto-generated by `mise lock` https://mise.jdx.dev/dev-tools/mise-lock.html

lockfile_version = 1

[[tools.deno]]
version = "2.9.7"
backend = "core:deno"
specifiers = ["2.9.7"]

[tools.deno."platforms.linux-arm64"]
checksum = "sha256:c832298b1ad4422481334855f6003e0f54145762c5a134f20a489511d2f65bbf"
url = "https://dl.deno.land/release/v2.9.7/deno-aarch64-unknown-linux-gnu.zip"

[tools.deno."platforms.linux-x64"]
checksum = "sha256:c6527f24f4b16031d3ae4fa9f658d5f11534c8d84ce7dc8502420280919c3490"
url = "https://dl.deno.land/release/v2.9.7/deno-x86_64-unknown-linux-gnu.zip"

[tools.deno."platforms.macos-arm64"]
checksum = "sha256:5cd46d6268f6f78f5d88bdc7159d20bd44cdaa4b3303474839f87ec6fe7ae25c"
url = "https://dl.deno.land/release/v2.9.7/deno-aarch64-apple-darwin.zip"

[tools.deno."platforms.macos-x64"]
checksum = "sha256:95daaff11c116a52ad54785e7914c8e9c9cdcaba793c5ed929c74ca2d8e6259a"
url = "https://dl.deno.land/release/v2.9.7/deno-x86_64-apple-darwin.zip"

[tools.deno."platforms.windows-x64"]
checksum = "sha256:a0c3101b4158d1dfb7d6a78a7bf0f3de80c96bb423c152beec8beb22786f2238"
url = "https://dl.deno.land/release/v2.9.7/deno-x86_64-pc-windows-msvc.zip"

[[tools."github:huacnlee/autocorrect"]]
version = "2.16.3"
backend = "github:huacnlee/autocorrect"
specifiers = ["2.16.3"]

[tools."github:huacnlee/autocorrect"."platforms.linux-arm64"]
checksum = "sha256:c97ccecbb013d120beca8b0f701fb1fffdb90865e7cf21bede13cc65e559b32d"
url = "https://github.com/huacnlee/autocorrect/releases/download/v2.16.3/autocorrect-linux-arm64.tar.gz"
url_api = "https://api.github.com/repos/huacnlee/autocorrect/releases/assets/335756988"

[tools."github:huacnlee/autocorrect"."platforms.linux-x64"]
checksum = "sha256:9bef6fef5f30d6cfa2e5399ffc990672621ee8ea699d4feea75830264ed7a32e"
url = "https://github.com/huacnlee/autocorrect/releases/download/v2.16.3/autocorrect-linux-amd64.tar.gz"
url_api = "https://api.github.com/repos/huacnlee/autocorrect/releases/assets/335756983"

[tools."github:huacnlee/autocorrect"."platforms.macos-arm64"]
checksum = "sha256:a911efe0640a78c4d95779a81d4f57b4b745c3e77052c9f147b906d4a9b6dcaa"
url = "https://github.com/huacnlee/autocorrect/releases/download/v2.16.3/autocorrect-darwin-arm64.tar.gz"
url_api = "https://api.github.com/repos/huacnlee/autocorrect/releases/assets/335756985"

[tools."github:huacnlee/autocorrect"."platforms.macos-x64"]
checksum = "sha256:f13412060dfbcc8c91f7c71c707b1eb7db9bd0f44db041e3d6cdfd7d00460e00"
url = "https://github.com/huacnlee/autocorrect/releases/download/v2.16.3/autocorrect-darwin-amd64.tar.gz"
url_api = "https://api.github.com/repos/huacnlee/autocorrect/releases/assets/335756980"

[tools."github:huacnlee/autocorrect"."platforms.windows-x64"]
checksum = "sha256:64ca1c11b6c002cf9617e672df8dcba091e912994ee80d101289ef7849a533d8"
url = "https://github.com/huacnlee/autocorrect/releases/download/v2.16.3/autocorrect-windows-amd64.zip"
url_api = "https://api.github.com/repos/huacnlee/autocorrect/releases/assets/335756986"

[[tools.node]]
version = "24.21.0"
backend = "core:node"
specifiers = ["24.21.0"]

[tools.node."platforms.linux-arm64"]
checksum = "sha256:724282c3b43aec998aa9527380465b45d229e021b58035f5f4f63095eabfe5d5"
url = "https://nodejs.org/dist/v24.21.0/node-v24.21.0-linux-arm64.tar.gz"

[tools.node."platforms.linux-x64"]
checksum = "sha256:6e1db87ef58b8819e5d5402eff1536491b18edd8eb7bee5ef7897876e88dc5ff"
url = "https://nodejs.org/dist/v24.21.0/node-v24.21.0-linux-x64.tar.gz"

[tools.node."platforms.macos-arm64"]
checksum = "sha256:bed7eea5325e1108f32ce5228ddd6a5f0f08a499ee42aa7442aea583702f6057"
url = "https://nodejs.org/dist/v24.21.0/node-v24.21.0-darwin-arm64.tar.gz"

[tools.node."platforms.macos-x64"]
checksum = "sha256:1462cb3b3046b815cf8ea436d3da450ec1a9f11dac7e5a46b0ada5305d7e8097"
url = "https://nodejs.org/dist/v24.21.0/node-v24.21.0-darwin-x64.tar.gz"

[tools.node."platforms.windows-x64"]
checksum = "sha256:158f7685b44de51f6c0df1d153526cbcd3e1bc739a8dfc607721cef75de9e541"
url = "https://nodejs.org/dist/v24.21.0/node-v24.21.0-win-x64.zip"

[[tools."npm:markdownlint-cli2"]]
version = "0.23.3"
backend = "npm:markdownlint-cli2"
specifiers = ["0.23.3"]

[[tools.prek]]
version = "0.5.3"
backend = "aqua:j178/prek"
specifiers = ["0.5.3"]

[tools.prek."platforms.linux-arm64"]
checksum = "sha256:4cfc936895e8b4e1e2f92daca61bb7c8eb123bac14585ba9f706b599776cdcc8"
url = "https://github.com/j178/prek/releases/download/v0.5.3/prek-aarch64-unknown-linux-gnu.tar.gz"
url_api = "https://api.github.com/repos/j178/prek/releases/assets/560889195"
provenance = "github-attestations"

[tools.prek."platforms.linux-x64"]
checksum = "sha256:c1475ddc56df0003c780557d9b52273d9eb19c9ef8d91143f3ce03511182a36e"
url = "https://github.com/j178/prek/releases/download/v0.5.3/prek-x86_64-unknown-linux-gnu.tar.gz"
url_api = "https://api.github.com/repos/j178/prek/releases/assets/560889224"
provenance = "github-attestations"

[tools.prek."platforms.macos-arm64"]
checksum = "sha256:6006cc4e69cfc86d55f4e407ca60ba960a521befa54fece94038639b1f4de381"
url = "https://github.com/j178/prek/releases/download/v0.5.3/prek-aarch64-apple-darwin.tar.gz"
url_api = "https://api.github.com/repos/j178/prek/releases/assets/560889174"
provenance = "github-attestations"

[tools.prek."platforms.macos-x64"]
checksum = "sha256:874f05d12e7cb672758295b5253dfd05aadad3c2bcaa42ae712b917294629b07"
url = "https://github.com/j178/prek/releases/download/v0.5.3/prek-x86_64-apple-darwin.tar.gz"
url_api = "https://api.github.com/repos/j178/prek/releases/assets/560889217"
provenance = "github-attestations"

[tools.prek."platforms.windows-x64"]
checksum = "sha256:c15a5636bf93a3937507d8da2302b074b0946b3d35882471b002ea93586728d8"
url = "https://github.com/j178/prek/releases/download/v0.5.3/prek-x86_64-pc-windows-msvc.zip"
url_api = "https://api.github.com/repos/j178/prek/releases/assets/560889220"
provenance = "github-attestations"
